# This file is automatically @generated by Cargo.
# It is not intended for manual editing.
version = 4

[[package]]
name = "fastllvm-backend"
version = "0.1.0"
dependencies = [
 "fastllvm-ir",
]

[[package]]
name = "fastllvm-classfile"
version = "0.1.0"

[[package]]
name = "fastllvm-driver"
version = "0.1.0"
dependencies = [
 "fastllvm-backend",
 "fastllvm-classfile",
 "fastllvm-frontend",
 "fastllvm-ir",
 "fastllvm-solver",
]

[[package]]
name = "fastllvm-frontend"
version = "0.1.0"
dependencies = [
 "fastllvm-classfile",
 "fastllvm-ir",
]

[[package]]
name = "fastllvm-ir"
version = "0.1.0"

[[package]]
name = "fastllvm-solver"
version = "0.1.0"
dependencies = [
 "fastllvm-ir",
]

[[package]]
name = "vire"
version = "0.1.0"
dependencies = [
 "fastllvm-backend",
 "fastllvm-ir",
 "fastllvm-solver",
]
